
Microsoft Visual Studio Solution File, Format Version 12.00
# Visual Studio Version 17
VisualStudioVersion = 17.14.36915.13 d17.14
MinimumVisualStudioVersion = 10.0.40219.1
Project("{54A90642-561A-4BB1-A94E-469ADEE60C69}") = "employedemo.client", "employedemo.client\employedemo.client.esproj", "{FD3A8E22-5A7D-759F-FA49-46C3C10F03D9}"
EndProject
Project("{FAE04EC0-301F-11D3-BF4B-00C04F79EFBC}") = "EmployeDemo.Server", "EmployeDemo.Server\EmployeDemo.Server.csproj", "{DBE816D8-84FB-4EF1-87ED-A72819099555}"
EndProject
Project("{FAE04EC0-301F-11D3-BF4B-00C04F79EFBC}") = "EmployeeDemo.Entities", "EmployeeDemo.Entities\EmployeeDemo.Entities.csproj", "{5E37A27F-FC9D-474B-A9C9-CDE475BED743}"
EndProject
Global
	GlobalSection(SolutionConfigurationPlatforms) = preSolution
		Debug|Any CPU = Debug|Any CPU
		Release|Any CPU = Release|Any CPU
	EndGlobalSection
	GlobalSection(ProjectConfigurationPlatforms) = postSolution
		{FD3A8E22-5A7D-759F-FA49-46C3C10F03D9}.Debug|Any CPU.ActiveCfg = Debug|Any CPU
		{FD3A8E22-5A7D-759F-FA49-46C3C10F03D9}.Debug|Any CPU.Build.0 = Debug|Any CPU
		{FD3A8E22-5A7D-759F-FA49-46C3C10F03D9}.Debug|Any CPU.Deploy.0 = Debug|Any CPU
		{FD3A8E22-5A7D-759F-FA49-46C3C10F03D9}.Release|Any CPU.ActiveCfg = Release|Any CPU
		{FD3A8E22-5A7D-759F-FA49-46C3C10F03D9}.Release|Any CPU.Build.0 = Release|Any CPU
		{FD3A8E22-5A7D-759F-FA49-46C3C10F03D9}.Release|Any CPU.Deploy.0 = Release|Any CPU
		{DBE816D8-84FB-4EF1-87ED-A72819099555}.Debug|Any CPU.ActiveCfg = Debug|Any CPU
		{DBE816D8-84FB-4EF1-87ED-A72819099555}.Debug|Any CPU.Build.0 = Debug|Any CPU
		{DBE816D8-84FB-4EF1-87ED-A72819099555}.Release|Any CPU.ActiveCfg = Release|Any CPU
		{DBE816D8-84FB-4EF1-87ED-A72819099555}.Release|Any CPU.Build.0 = Release|Any CPU
		{5E37A27F-FC9D-474B-A9C9-CDE475BED743}.Debug|Any CPU.ActiveCfg = Debug|Any CPU
		{5E37A27F-FC9D-474B-A9C9-CDE475BED743}.Debug|Any CPU.Build.0 = Debug|Any CPU
		{5E37A27F-FC9D-474B-A9C9-CDE475BED743}.Release|Any CPU.ActiveCfg = Release|Any CPU
		{5E37A27F-FC9D-474B-A9C9-CDE475BED743}.Release|Any CPU.Build.0 = Release|Any CPU
	EndGlobalSection
	GlobalSection(SolutionProperties) = preSolution
		HideSolutionNode = FALSE
	EndGlobalSection
	GlobalSection(ExtensibilityGlobals) = postSolution
		SolutionGuid = {6A5BA677-A0FE-41C2-A68E-27CB3F3AC720}
	EndGlobalSection
EndGlobal
